// !$*UTF8*$!
{
	archiveVersion = 1;
	classes = {
	};
	objectVersion = 46;
	objects = {

/* Begin PBXBuildFile section */
		5A44CC231B6A053E00B27348 /* RSMessage.m in Sources */ = {isa = PBXBuildFile; fileRef = 5A44CC221B6A053E00B27348 /* RSMessage.m */; };
		5A64B8A21B63765600D9FED7 /* Foundation.framework in Frameworks */ = {isa = PBXBuildFile; fileRef = 5A64B8A11B63765600D9FED7 /* Foundation.framework */; };
		5A64B8A41B63765600D9FED7 /* CoreGraphics.framework in Frameworks */ = {isa = PBXBuildFile; fileRef = 5A64B8A31B63765600D9FED7 /* CoreGraphics.framework */; };
		5A64B8A61B63765600D9FED7 /* UIKit.framework in Frameworks */ = {isa = PBXBuildFile; fileRef = 5A64B8A51B63765600D9FED7 /* UIKit.framework */; };
		5A64B8AC1B63765600D9FED7 /* InfoPlist.strings in Resources */ = {isa = PBXBuildFile; fileRef = 5A64B8AA1B63765600D9FED7 /* InfoPlist.strings */; };
		5A64B8AE1B63765600D9FED7 /* main.m in Sources */ = {isa = PBXBuildFile; fileRef = 5A64B8AD1B63765600D9FED7 /* main.m */; };
		5A64B8B21B63765600D9FED7 /* RSAppDelegate.m in Sources */ = {isa = PBXBuildFile; fileRef = 5A64B8B11B63765600D9FED7 /* RSAppDelegate.m */; };
		5A64B8B51B63765600D9FED7 /* Main.storyboard in Resources */ = {isa = PBXBuildFile; fileRef = 5A64B8B31B63765600D9FED7 /* Main.storyboard */; };
		5A64B8B81B63765600D9FED7 /* RSLoginViewController.m in Sources */ = {isa = PBXBuildFile; fileRef = 5A64B8B71B63765600D9FED7 /* RSLoginViewController.m */; };
		5A64B8BA1B63765600D9FED7 /* Images.xcassets in Resources */ = {isa = PBXBuildFile; fileRef = 5A64B8B91B63765600D9FED7 /* Images.xcassets */; };
		5A64B8C11B63765600D9FED7 /* XCTest.framework in Frameworks */ = {isa = PBXBuildFile; fileRef = 5A64B8C01B63765600D9FED7 /* XCTest.framework */; };
		5A64B8C21B63765600D9FED7 /* Foundation.framework in Frameworks */ = {isa = PBXBuildFile; fileRef = 5A64B8A11B63765600D9FED7 /* Foundation.framework */; };
		5A64B8C31B63765600D9FED7 /* UIKit.framework in Frameworks */ = {isa = PBXBuildFile; fileRef = 5A64B8A51B63765600D9FED7 /* UIKit.framework */; };
		5A64B8CB1B63765600D9FED7 /* InfoPlist.strings in Resources */ = {isa = PBXBuildFile; fileRef = 5A64B8C91B63765600D9FED7 /* InfoPlist.strings */; };
		5A64B8CD1B63765600D9FED7 /* GmailAgentLightTests.m in Sources */ = {isa = PBXBuildFile; fileRef = 5A64B8CC1B63765600D9FED7 /* GmailAgentLightTests.m */; };
		5A8062631B637B3D00CE2D6A /* RSServerManager.m in Sources */ = {isa = PBXBuildFile; fileRef = 5A8062621B637B3D00CE2D6A /* RSServerManager.m */; };
		5A8062691B637BB200CE2D6A /* RSAccessToken.m in Sources */ = {isa = PBXBuildFile; fileRef = 5A8062681B637BB200CE2D6A /* RSAccessToken.m */; };
		5A98DFD51B650A3F00BACCEB /* RSMessageListController.m in Sources */ = {isa = PBXBuildFile; fileRef = 5A98DFD41B650A3F00BACCEB /* RSMessageListController.m */; };
		B36C914A1B8B46B00026A5F5 /* RSSendMsgController.m in Sources */ = {isa = PBXBuildFile; fileRef = B36C91491B8B46B00026A5F5 /* RSSendMsgController.m */; };
		DF2A0F9BF9E6970B997EAB79 /* libPods.a in Frameworks */ = {isa = PBXBuildFile; fileRef = 9DEE746EC7618F719DC23B0C /* libPods.a */; };
/* End PBXBuildFile section */

/* Begin PBXContainerItemProxy section */
		5A64B8C41B63765600D9FED7 /* PBXContainerItemProxy */ = {
			isa = PBXContainerItemProxy;
			containerPortal = 5A64B8961B63765600D9FED7 /* Project object */;
			proxyType = 1;
			remoteGlobalIDString = 5A64B89D1B63765600D9FED7;
			remoteInfo = GmailAgentLight;
		};
/* End PBXContainerItemProxy section */

/* Begin PBXFileReference section */
		5A44CC211B6A053E00B27348 /* RSMessage.h */ = {isa = PBXFileReference; fileEncoding = 4; lastKnownFileType = sourcecode.c.h; path = RSMessage.h; sourceTree = "<group>"; };
		5A44CC221B6A053E00B27348 /* RSMessage.m */ = {isa = PBXFileReference; fileEncoding = 4; lastKnownFileType = sourcecode.c.objc; path = RSMessage.m; sourceTree = "<group>"; };
		5A64B89E1B63765600D9FED7 /* GmailAgentLight.app */ = {isa = PBXFileReference; explicitFileType = wrapper.application; includeInIndex = 0; path = GmailAgentLight.app; sourceTree = BUILT_PRODUCTS_DIR; };
		5A64B8A11B63765600D9FED7 /* Foundation.framework */ = {isa = PBXFileReference; lastKnownFileType = wrapper.framework; name = Foundation.framework; path = System/Library/Frameworks/Foundation.framework; sourceTree = SDKROOT; };
		5A64B8A31B63765600D9FED7 /* CoreGraphics.framework */ = {isa = PBXFileReference; lastKnownFileType = wrapper.framework; name = CoreGraphics.framework; path = System/Library/Frameworks/CoreGraphics.framework; sourceTree = SDKROOT; };
		5A64B8A51B63765600D9FED7 /* UIKit.framework */ = {isa = PBXFileReference; lastKnownFileType = wrapper.framework; name = UIKit.framework; path = System/Library/Frameworks/UIKit.framework; sourceTree = SDKROOT; };
		5A64B8A91B63765600D9FED7 /* GmailAgentLight-Info.plist */ = {isa = PBXFileReference; lastKnownFileType = text.plist.xml; path = "GmailAgentLight-Info.plist"; sourceTree = "<group>"; };
		5A64B8AB1B63765600D9FED7 /* en */ = {isa = PBXFileReference; lastKnownFileType = text.plist.strings; name = en; path = en.lproj/InfoPlist.strings; sourceTree = "<group>"; };
		5A64B8AD1B63765600D9FED7 /* main.m */ = {isa = PBXFileReference; lastKnownFileType = sourcecode.c.objc; path = main.m; sourceTree = "<group>"; };
		5A64B8AF1B63765600D9FED7 /* GmailAgentLight-Prefix.pch */ = {isa = PBXFileReference; lastKnownFileType = sourcecode.c.h; path = "GmailAgentLight-Prefix.pch"; sourceTree = "<group>"; };
		5A64B8B01B63765600D9FED7 /* RSAppDelegate.h */ = {isa = PBXFileReference; lastKnownFileType = sourcecode.c.h; path = RSAppDelegate.h; sourceTree = "<group>"; };
		5A64B8B11B63765600D9FED7 /* RSAppDelegate.m */ = {isa = PBXFileReference; lastKnownFileType = sourcecode.c.objc; path = RSAppDelegate.m; sourceTree = "<group>"; };
		5A64B8B41B63765600D9FED7 /* Base */ = {isa = PBXFileReference; lastKnownFileType = file.storyboard; name = Base; path = Base.lproj/Main.storyboard; sourceTree = "<group>"; };
		5A64B8B61B63765600D9FED7 /* RSLoginViewController.h */ = {isa = PBXFileReference; lastKnownFileType = sourcecode.c.h; path = RSLoginViewController.h; sourceTree = "<group>"; };
		5A64B8B71B63765600D9FED7 /* RSLoginViewController.m */ = {isa = PBXFileReference; lastKnownFileType = sourcecode.c.objc; path = RSLoginViewController.m; sourceTree = "<group>"; };
		5A64B8B91B63765600D9FED7 /* Images.xcassets */ = {isa = PBXFileReference; lastKnownFileType = folder.assetcatalog; path = Images.xcassets; sourceTree = "<group>"; };
		5A64B8BF1B63765600D9FED7 /* GmailAgentLightTests.xctest */ = {isa = PBXFileReference; explicitFileType = wrapper.cfbundle; includeInIndex = 0; path = GmailAgentLightTests.xctest; sourceTree = BUILT_PRODUCTS_DIR; };
		5A64B8C01B63765600D9FED7 /* XCTest.framework */ = {isa = PBXFileReference; lastKnownFileType = wrapper.framework; name = XCTest.framework; path = Library/Frameworks/XCTest.framework; sourceTree = DEVELOPER_DIR; };
		5A64B8C81B63765600D9FED7 /* GmailAgentLightTests-Info.plist */ = {isa = PBXFileReference; lastKnownFileType = text.plist.xml; path = "GmailAgentLightTests-Info.plist"; sourceTree = "<group>"; };
		5A64B8CA1B63765600D9FED7 /* en */ = {isa = PBXFileReference; lastKnownFileType = text.plist.strings; name = en; path = en.lproj/InfoPlist.strings; sourceTree = "<group>"; };
		5A64B8CC1B63765600D9FED7 /* GmailAgentLightTests.m */ = {isa = PBXFileReference; lastKnownFileType = sourcecode.c.objc; path = GmailAgentLightTests.m; sourceTree = "<group>"; };
		5A8062611B637B3D00CE2D6A /* RSServerManager.h */ = {isa = PBXFileReference; fileEncoding = 4; lastKnownFileType = sourcecode.c.h; path = RSServerManager.h; sourceTree = "<group>"; };
		5A8062621B637B3D00CE2D6A /* RSServerManager.m */ = {isa = PBXFileReference; fileEncoding = 4; lastKnownFileType = sourcecode.c.objc; path = RSServerManager.m; sourceTree = "<group>"; };
		5A8062671B637BB200CE2D6A /* RSAccessToken.h */ = {isa = PBXFileReference; fileEncoding = 4; lastKnownFileType = sourcecode.c.h; path = RSAccessToken.h; sourceTree = "<group>"; };
		5A8062681B637BB200CE2D6A /* RSAccessToken.m */ = {isa = PBXFileReference; fileEncoding = 4; lastKnownFileType = sourcecode.c.objc; path = RSAccessToken.m; sourceTree = "<group>"; };
		5A98DFD31B650A3F00BACCEB /* RSMessageListController.h */ = {isa = PBXFileReference; fileEncoding = 4; lastKnownFileType = sourcecode.c.h; path = RSMessageListController.h; sourceTree = "<group>"; };
		5A98DFD41B650A3F00BACCEB /* RSMessageListController.m */ = {isa = PBXFileReference; fileEncoding = 4; lastKnownFileType = sourcecode.c.objc; path = RSMessageListController.m; sourceTree = "<group>"; };
		9DEE746EC7618F719DC23B0C /* libPods.a */ = {isa = PBXFileReference; explicitFileType = archive.ar; includeInIndex = 0; path = libPods.a; sourceTree = BUILT_PRODUCTS_DIR; };
		B36C91481B8B46B00026A5F5 /* RSSendMsgController.h */ = {isa = PBXFileReference; fileEncoding = 4; lastKnownFileType = sourcecode.c.h; path = RSSendMsgController.h; sourceTree = "<group>"; };
		B36C91491B8B46B00026A5F5 /* RSSendMsgController.m */ = {isa = PBXFileReference; fileEncoding = 4; lastKnownFileType = sourcecode.c.objc; path = RSSendMsgController.m; sourceTree = "<group>"; };
		E31045097115C075B13F9F1F /* Pods.debug.xcconfig */ = {isa = PBXFileReference; includeInIndex = 1; lastKnownFileType = text.xcconfig; name = Pods.debug.xcconfig; path = "Pods/Target Support Files/Pods/Pods.debug.xcconfig"; sourceTree = "<group>"; };
		F300E45A11CFC92464487EB7 /* Pods.release.xcconfig */ = {isa = PBXFileReference; includeInIndex = 1; lastKnownFileType = text.xcconfig; name = Pods.release.xcconfig; path = "Pods/Target Support Files/Pods/Pods.release.xcconfig"; sourceTree = "<group>"; };
/* End PBXFileReference section */

/* Begin PBXFrameworksBuildPhase section */
		5A64B89B1B63765600D9FED7 /* Frameworks */ = {
			isa = PBXFrameworksBuildPhase;
			buildActionMask = 2147483647;
			files = (
				5A64B8A41B63765600D9FED7 /* CoreGraphics.framework in Frameworks */,
				5A64B8A61B63765600D9FED7 /* UIKit.framework in Frameworks */,
				5A64B8A21B63765600D9FED7 /* Foundation.framework in Frameworks */,
				DF2A0F9BF9E6970B997EAB79 /* libPods.a in Frameworks */,
			);
			runOnlyForDeploymentPostprocessing = 0;
		};
		5A64B8BC1B63765600D9FED7 /* Frameworks */ = {
			isa = PBXFrameworksBuildPhase;
			buildActionMask = 2147483647;
			files = (
				5A64B8C11B63765600D9FED7 /* XCTest.framework in Frameworks */,
				5A64B8C31B63765600D9FED7 /* UIKit.framework in Frameworks */,
				5A64B8C21B63765600D9FED7 /* Foundation.framework in Frameworks */,
			);
			runOnlyForDeploymentPostprocessing = 0;
		};
/* End PBXFrameworksBuildPhase section */

/* Begin PBXGroup section */
		281F4A2153664F7D6AC39C63 /* Pods */ = {
			isa = PBXGroup;
			children = (
				E31045097115C075B13F9F1F /* Pods.debug.xcconfig */,
				F300E45A11CFC92464487EB7 /* Pods.release.xcconfig */,
			);
			name = Pods;
			sourceTree = "<group>";
		};
		5A64B8951B63765600D9FED7 = {
			isa = PBXGroup;
			children = (
				5A64B8A71B63765600D9FED7 /* GmailAgentLight */,
				5A64B8C61B63765600D9FED7 /* GmailAgentLightTests */,
				5A64B8A01B63765600D9FED7 /* Frameworks */,
				5A64B89F1B63765600D9FED7 /* Products */,
				281F4A2153664F7D6AC39C63 /* Pods */,
			);
			sourceTree = "<group>";
		};
		5A64B89F1B63765600D9FED7 /* Products */ = {
			isa = PBXGroup;
			children = (
				5A64B89E1B63765600D9FED7 /* GmailAgentLight.app */,
				5A64B8BF1B63765600D9FED7 /* GmailAgentLightTests.xctest */,
			);
			name = Products;
			sourceTree = "<group>";
		};
		5A64B8A01B63765600D9FED7 /* Frameworks */ = {
			isa = PBXGroup;
			children = (
				5A64B8A11B63765600D9FED7 /* Foundation.framework */,
				5A64B8A31B63765600D9FED7 /* CoreGraphics.framework */,
				5A64B8A51B63765600D9FED7 /* UIKit.framework */,
				5A64B8C01B63765600D9FED7 /* XCTest.framework */,
				9DEE746EC7618F719DC23B0C /* libPods.a */,
			);
			name = Frameworks;
			sourceTree = "<group>";
		};
		5A64B8A71B63765600D9FED7 /* GmailAgentLight */ = {
			isa = PBXGroup;
			children = (
				5A64B8B01B63765600D9FED7 /* RSAppDelegate.h */,
				5A64B8B11B63765600D9FED7 /* RSAppDelegate.m */,
				5A64B8B31B63765600D9FED7 /* Main.storyboard */,
				B36C91481B8B46B00026A5F5 /* RSSendMsgController.h */,
				B36C91491B8B46B00026A5F5 /* RSSendMsgController.m */,
				5A64B8B61B63765600D9FED7 /* RSLoginViewController.h */,
				5A64B8B71B63765600D9FED7 /* RSLoginViewController.m */,
				5A98DFD31B650A3F00BACCEB /* RSMessageListController.h */,
				5A98DFD41B650A3F00BACCEB /* RSMessageListController.m */,
				5A44CC211B6A053E00B27348 /* RSMessage.h */,
				5A44CC221B6A053E00B27348 /* RSMessage.m */,
				B36C914B1B8B47D50026A5F5 /* WorkWithServer */,
				5A64B8B91B63765600D9FED7 /* Images.xcassets */,
				5A64B8A81B63765600D9FED7 /* Supporting Files */,
			);
			path = GmailAgentLight;
			sourceTree = "<group>";
		};
		5A64B8A81B63765600D9FED7 /* Supporting Files */ = {
			isa = PBXGroup;
			children = (
				5A64B8A91B63765600D9FED7 /* GmailAgentLight-Info.plist */,
				5A64B8AA1B63765600D9FED7 /* InfoPlist.strings */,
				5A64B8AD1B63765600D9FED7 /* main.m */,
				5A64B8AF1B63765600D9FED7 /* GmailAgentLight-Prefix.pch */,
			);
			name = "Supporting Files";
			sourceTree = "<group>";
		};
		5A64B8C61B63765600D9FED7 /* GmailAgentLightTests */ = {
			isa = PBXGroup;
			children = (
				5A64B8CC1B63765600D9FED7 /* GmailAgentLightTests.m */,
				5A64B8C71B63765600D9FED7 /* Supporting Files */,
			);
			path = GmailAgentLightTests;
			sourceTree = "<group>";
		};
		5A64B8C71B63765600D9FED7 /* Supporting Files */ = {
			isa = PBXGroup;
			children = (
				5A64B8C81B63765600D9FED7 /* GmailAgentLightTests-Info.plist */,
				5A64B8C91B63765600D9FED7 /* InfoPlist.strings */,
			);
			name = "Supporting Files";
			sourceTree = "<group>";
		};
		B36C914B1B8B47D50026A5F5 /* WorkWithServer */ = {
			isa = PBXGroup;
			children = (
				5A8062671B637BB200CE2D6A /* RSAccessToken.h */,
				5A8062681B637BB200CE2D6A /* RSAccessToken.m */,
				5A8062611B637B3D00CE2D6A /* RSServerManager.h */,
				5A8062621B637B3D00CE2D6A /* RSServerManager.m */,
			);
			name = WorkWithServer;
			sourceTree = "<group>";
		};
/* End PBXGroup section */

/* Begin PBXNativeTarget section */
		5A64B89D1B63765600D9FED7 /* GmailAgentLight */ = {
			isa = PBXNativeTarget;
			buildConfigurationList = 5A64B8D01B63765600D9FED7 /* Build configuration list for PBXNativeTarget "GmailAgentLight" */;
			buildPhases = (
				A8E15B0ACB9E11111B2493FE /* Check Pods Manifest.lock */,
				5A64B89A1B63765600D9FED7 /* Sources */,
				5A64B89B1B63765600D9FED7 /* Frameworks */,
				5A64B89C1B63765600D9FED7 /* Resources */,
				202669B096302CB6C34EA57F /* Copy Pods Resources */,
			);
			buildRules = (
			);
			dependencies = (
			);
			name = GmailAgentLight;
			productName = GmailAgentLight;
			productReference = 5A64B89E1B63765600D9FED7 /* GmailAgentLight.app */;
			productType = "com.apple.product-type.application";
		};
		5A64B8BE1B63765600D9FED7 /* GmailAgentLightTests */ = {
			isa = PBXNativeTarget;
			buildConfigurationList = 5A64B8D31B63765600D9FED7 /* Build configuration list for PBXNativeTarget "GmailAgentLightTests" */;
			buildPhases = (
				5A64B8BB1B63765600D9FED7 /* Sources */,
				5A64B8BC1B63765600D9FED7 /* Frameworks */,
				5A64B8BD1B63765600D9FED7 /* Resources */,
			);
			buildRules = (
			);
			dependencies = (
				5A64B8C51B63765600D9FED7 /* PBXTargetDependency */,
			);
			name = GmailAgentLightTests;
			productName = GmailAgentLightTests;
			productReference = 5A64B8BF1B63765600D9FED7 /* GmailAgentLightTests.xctest */;
			productType = "com.apple.product-type.bundle.unit-test";
		};
/* End PBXNativeTarget section */

/* Begin PBXProject section */
		5A64B8961B63765600D9FED7 /* Project object */ = {
			isa = PBXProject;
			attributes = {
				CLASSPREFIX = RS;
				LastUpgradeCheck = 0510;
				ORGANIZATIONNAME = "Roman Chopovenko";
				TargetAttributes = {
					5A64B8BE1B63765600D9FED7 = {
						TestTargetID = 5A64B89D1B63765600D9FED7;
					};
				};
			};
			buildConfigurationList = 5A64B8991B63765600D9FED7 /* Build configuration list for PBXProject "GmailAgentLight" */;
			compatibilityVersion = "Xcode 3.2";
			developmentRegion = English;
			hasScannedForEncodings = 0;
			knownRegions = (
				en,
				Base,
			);
			mainGroup = 5A64B8951B63765600D9FED7;
			productRefGroup = 5A64B89F1B63765600D9FED7 /* Products */;
			projectDirPath = "";
			projectRoot = "";
			targets = (
				5A64B89D1B63765600D9FED7 /* GmailAgentLight */,
				5A64B8BE1B63765600D9FED7 /* GmailAgentLightTests */,
			);
		};
/* End PBXProject section */

/* Begin PBXResourcesBuildPhase section */
		5A64B89C1B63765600D9FED7 /* Resources */ = {
			isa = PBXResourcesBuildPhase;
			buildActionMask = 2147483647;
			files = (
				5A64B8BA1B63765600D9FED7 /* Images.xcassets in Resources */,
				5A64B8AC1B63765600D9FED7 /* InfoPlist.strings in Resources */,
				5A64B8B51B63765600D9FED7 /* Main.storyboard in Resources */,
			);
			runOnlyForDeploymentPostprocessing = 0;
		};
		5A64B8BD1B63765600D9FED7 /* Resources */ = {
			isa = PBXResourcesBuildPhase;
			buildActionMask = 2147483647;
			files = (
				5A64B8CB1B63765600D9FED7 /* InfoPlist.strings in Resources */,
			);
			runOnlyForDeploymentPostprocessing = 0;
		};
/* End PBXResourcesBuildPhase section */

/* Begin PBXShellScriptBuildPhase section */
		202669B096302CB6C34EA57F /* Copy Pods Resources */ = {
			isa = PBXShellScriptBuildPhase;
			buildActionMask = 2147483647;
			files = (
			);
			inputPaths = (
			);
			name = "Copy Pods Resources";
			outputPaths = (
			);
			runOnlyForDeploymentPostprocessing = 0;
			shellPath = /bin/sh;
			shellScript = "\"${SRCROOT}/Pods/Target Support Files/Pods/Pods-resources.sh\"\n";
			showEnvVarsInLog = 0;
		};
		A8E15B0ACB9E11111B2493FE /* Check Pods Manifest.lock */ = {
			isa = PBXShellScriptBuildPhase;
			buildActionMask = 2147483647;
			files = (
			);
			inputPaths = (
			);
			name = "Check Pods Manifest.lock";
			outputPaths = (
			);
			runOnlyForDeploymentPostprocessing = 0;
			shellPath = /bin/sh;
			shellScript = "diff \"${PODS_ROOT}/../Podfile.lock\" \"${PODS_ROOT}/Manifest.lock\" > /dev/null\nif [[ $? != 0 ]] ; then\n    cat << EOM\nerror: The sandbox is not in sync with the Podfile.lock. Run 'pod install' or update your CocoaPods installation.\nEOM\n    exit 1\nfi\n";
			showEnvVarsInLog = 0;
		};
/* End PBXShellScriptBuildPhase section */

/* Begin PBXSourcesBuildPhase section */
		5A64B89A1B63765600D9FED7 /* Sources */ = {
			isa = PBXSourcesBuildPhase;
			buildActionMask = 2147483647;
			files = (
				5A8062691B637BB200CE2D6A /* RSAccessToken.m in Sources */,
				B36C914A1B8B46B00026A5F5 /* RSSendMsgController.m in Sources */,
				5A44CC231B6A053E00B27348 /* RSMessage.m in Sources */,
				5A64B8AE1B63765600D9FED7 /* main.m in Sources */,
				5A98DFD51B650A3F00BACCEB /* RSMessageListController.m in Sources */,
				5A64B8B21B63765600D9FED7 /* RSAppDelegate.m in Sources */,
				5A64B8B81B63765600D9FED7 /* RSLoginViewController.m in Sources */,
				5A8062631B637B3D00CE2D6A /* RSServerManager.m in Sources */,
			);
			runOnlyForDeploymentPostprocessing = 0;
		};
		5A64B8BB1B63765600D9FED7 /* Sources */ = {
			isa = PBXSourcesBuildPhase;
			buildActionMask = 2147483647;
			files = (
				5A64B8CD1B63765600D9FED7 /* GmailAgentLightTests.m in Sources */,
			);
			runOnlyForDeploymentPostprocessing = 0;
		};
/* End PBXSourcesBuildPhase section */

/* Begin PBXTargetDependency section */
		5A64B8C51B63765600D9FED7 /* PBXTargetDependency */ = {
			isa = PBXTargetDependency;
			target = 5A64B89D1B63765600D9FED7 /* GmailAgentLight */;
			targetProxy = 5A64B8C41B63765600D9FED7 /* PBXContainerItemProxy */;
		};
/* End PBXTargetDependency section */

/* Begin PBXVariantGroup section */
		5A64B8AA1B63765600D9FED7 /* InfoPlist.strings */ = {
			isa = PBXVariantGroup;
			children = (
				5A64B8AB1B63765600D9FED7 /* en */,
			);
			name = InfoPlist.strings;
			sourceTree = "<group>";
		};
		5A64B8B31B63765600D9FED7 /* Main.storyboard */ = {
			isa = PBXVariantGroup;
			children = (
				5A64B8B41B63765600D9FED7 /* Base */,
			);
			name = Main.storyboard;
			sourceTree = "<group>";
		};
		5A64B8C91B63765600D9FED7 /* InfoPlist.strings */ = {
			isa = PBXVariantGroup;
			children = (
				5A64B8CA1B63765600D9FED7 /* en */,
			);
			name = InfoPlist.strings;
			sourceTree = "<group>";
		};
/* End PBXVariantGroup section */

/* Begin XCBuildConfiguration section */
		5A64B8CE1B63765600D9FED7 /* Debug */ = {
			isa = XCBuildConfiguration;
			buildSettings = {
				ALWAYS_SEARCH_USER_PATHS = NO;
				CLANG_CXX_LANGUAGE_STANDARD = "gnu++0x";
				CLANG_CXX_LIBRARY = "libc++";
				CLANG_ENABLE_MODULES = YES;
				CLANG_ENABLE_OBJC_ARC = YES;
				CLANG_WARN_BOOL_CONVERSION = YES;
				CLANG_WARN_CONSTANT_CONVERSION = YES;
				CLANG_WARN_DIRECT_OBJC_ISA_USAGE = YES_ERROR;
				CLANG_WARN_EMPTY_BODY = YES;
				CLANG_WARN_ENUM_CONVERSION = YES;
				CLANG_WARN_INT_CONVERSION = YES;
				CLANG_WARN_OBJC_ROOT_CLASS = YES_ERROR;
				CLANG_WARN__DUPLICATE_METHOD_MATCH = YES;
				"CODE_SIGN_IDENTITY[sdk=iphoneos*]" = "iPhone Developer";
				COPY_PHASE_STRIP = NO;
				GCC_C_LANGUAGE_STANDARD = gnu99;
				GCC_DYNAMIC_NO_PIC = NO;
				GCC_OPTIMIZATION_LEVEL = 0;
				GCC_PREPROCESSOR_DEFINITIONS = (
					"DEBUG=1",
					"$(inherited)",
				);
				GCC_SYMBOLS_PRIVATE_EXTERN = NO;
				GCC_WARN_64_TO_32_BIT_CONVERSION = YES;
				GCC_WARN_ABOUT_RETURN_TYPE = YES_ERROR;
				GCC_WARN_UNDECLARED_SELECTOR = YES;
				GCC_WARN_UNINITIALIZED_AUTOS = YES_AGGRESSIVE;
				GCC_WARN_UNUSED_FUNCTION = YES;
				GCC_WARN_UNUSED_VARIABLE = YES;
				IPHONEOS_DEPLOYMENT_TARGET = 7.1;
				ONLY_ACTIVE_ARCH = YES;
				SDKROOT = iphoneos;
			};
			name = Debug;
		};
		5A64B8CF1B63765600D9FED7 /* Release */ = {
			isa = XCBuildConfiguration;
			buildSettings = {
				ALWAYS_SEARCH_USER_PATHS = NO;
				CLANG_CXX_LANGUAGE_STANDARD = "gnu++0x";
				CLANG_CXX_LIBRARY = "libc++";
				CLANG_ENABLE_MODULES = YES;
				CLANG_ENABLE_OBJC_ARC = YES;
				CLANG_WARN_BOOL_CONVERSION = YES;
				CLANG_WARN_CONSTANT_CONVERSION = YES;
				CLANG_WARN_DIRECT_OBJC_ISA_USAGE = YES_ERROR;
				CLANG_WARN_EMPTY_BODY = YES;
				CLANG_WARN_ENUM_CONVERSION = YES;
				CLANG_WARN_INT_CONVERSION = YES;
				CLANG_WARN_OBJC_ROOT_CLASS = YES_ERROR;
				CLANG_WARN__DUPLICATE_METHOD_MATCH = YES;
				"CODE_SIGN_IDENTITY[sdk=iphoneos*]" = "iPhone Developer";
				COPY_PHASE_STRIP = YES;
				ENABLE_NS_ASSERTIONS = NO;
				GCC_C_LANGUAGE_STANDARD = gnu99;
				GCC_WARN_64_TO_32_BIT_CONVERSION = YES;
				GCC_WARN_ABOUT_RETURN_TYPE = YES_ERROR;
				GCC_WARN_UNDECLARED_SELECTOR = YES;
				GCC_WARN_UNINITIALIZED_AUTOS = YES_AGGRESSIVE;
				GCC_WARN_UNUSED_FUNCTION = YES;
				GCC_WARN_UNUSED_VARIABLE = YES;
				IPHONEOS_DEPLOYMENT_TARGET = 7.1;
				SDKROOT = iphoneos;
				VALIDATE_PRODUCT = YES;
			};
			name = Release;
		};
		5A64B8D11B63765600D9FED7 /* Debug */ = {
			isa = XCBuildConfiguration;
			baseConfigurationReference = E31045097115C075B13F9F1F /* Pods.debug.xcconfig */;
			buildSettings = {
				ASSETCATALOG_COMPILER_APPICON_NAME = AppIcon;
				ASSETCATALOG_COMPILER_LAUNCHIMAGE_NAME = LaunchImage;
				GCC_PRECOMPILE_PREFIX_HEADER = YES;
				GCC_PREFIX_HEADER = "GmailAgentLight/GmailAgentLight-Prefix.pch";
				INFOPLIST_FILE = "GmailAgentLight/GmailAgentLight-Info.plist";
				PRODUCT_NAME = "$(TARGET_NAME)";
				WRAPPER_EXTENSION = app;
			};
			name = Debug;
		};
		5A64B8D21B63765600D9FED7 /* Release */ = {
			isa = XCBuildConfiguration;
			baseConfigurationReference = F300E45A11CFC92464487EB7 /* Pods.release.xcconfig */;
			buildSettings = {
				ASSETCATALOG_COMPILER_APPICON_NAME = AppIcon;
				ASSETCATALOG_COMPILER_LAUNCHIMAGE_NAME = LaunchImage;
				GCC_PRECOMPILE_PREFIX_HEADER = YES;
				GCC_PREFIX_HEADER = "GmailAgentLight/GmailAgentLight-Prefix.pch";
				INFOPLIST_FILE = "GmailAgentLight/GmailAgentLight-Info.plist";
				PRODUCT_NAME = "$(TARGET_NAME)";
				WRAPPER_EXTENSION = app;
			};
			name = Release;
		};
		5A64B8D41B63765600D9FED7 /* Debug */ = {
			isa = XCBuildConfiguration;
			buildSettings = {
				BUNDLE_LOADER = "$(BUILT_PRODUCTS_DIR)/GmailAgentLight.app/GmailAgentLight";
				FRAMEWORK_SEARCH_PATHS = (
					"$(SDKROOT)/Developer/Library/Frameworks",
					"$(inherited)",
					"$(DEVELOPER_FRAMEWORKS_DIR)",
				);
				GCC_PRECOMPILE_PREFIX_HEADER = YES;
				GCC_PREFIX_HEADER = "GmailAgentLight/GmailAgentLight-Prefix.pch";
				GCC_PREPROCESSOR_DEFINITIONS = (
					"DEBUG=1",
					"$(inherited)",
				);
				INFOPLIST_FILE = "GmailAgentLightTests/GmailAgentLightTests-Info.plist";
				PRODUCT_NAME = "$(TARGET_NAME)";
				TEST_HOST = "$(BUNDLE_LOADER)";
				WRAPPER_EXTENSION = xctest;
			};
			name = Debug;
		};
		5A64B8D51B63765600D9FED7 /* Release */ = {
			isa = XCBuildConfiguration;
			buildSettings = {
				BUNDLE_LOADER = "$(BUILT_PRODUCTS_DIR)/GmailAgentLight.app/GmailAgentLight";
				FRAMEWORK_SEARCH_PATHS = (
					"$(SDKROOT)/Developer/Library/Frameworks",
					"$(inherited)",
					"$(DEVELOPER_FRAMEWORKS_DIR)",
				);
				GCC_PRECOMPILE_PREFIX_HEADER = YES;
				GCC_PREFIX_HEADER = "GmailAgentLight/GmailAgentLight-Prefix.pch";
				INFOPLIST_FILE = "GmailAgentLightTests/GmailAgentLightTests-Info.plist";
				PRODUCT_NAME = "$(TARGET_NAME)";
				TEST_HOST = "$(BUNDLE_LOADER)";
				WRAPPER_EXTENSION = xctest;
			};
			name = Release;
		};
/* End XCBuildConfiguration section */

/* Begin XCConfigurationList section */
		5A64B8991B63765600D9FED7 /* Build configuration list for PBXProject "GmailAgentLight" */ = {
			isa = XCConfigurationList;
			buildConfigurations = (
				5A64B8CE1B63765600D9FED7 /* Debug */,
				5A64B8CF1B63765600D9FED7 /* Release */,
			);
			defaultConfigurationIsVisible = 0;
			defaultConfigurationName = Release;
		};
		5A64B8D01B63765600D9FED7 /* Build configuration list for PBXNativeTarget "GmailAgentLight" */ = {
			isa = XCConfigurationList;
			buildConfigurations = (
				5A64B8D11B63765600D9FED7 /* Debug */,
				5A64B8D21B63765600D9FED7 /* Release */,
			);
			defaultConfigurationIsVisible = 0;
			defaultConfigurationName = Release;
		};
		5A64B8D31B63765600D9FED7 /* Build configuration list for PBXNativeTarget "GmailAgentLightTests" */ = {
			isa = XCConfigurationList;
			buildConfigurations = (
				5A64B8D41B63765600D9FED7 /* Debug */,
				5A64B8D51B63765600D9FED7 /* Release */,
			);
			defaultConfigurationIsVisible = 0;
			defaultConfigurationName = Release;
		};
/* End XCConfigurationList section */
	};
	rootObject = 5A64B8961B63765600D9FED7 /* Project object */;
}
